PODS:
  - Appirater (2.0.5)
  - LaunchKit (2.1.4):
    - LaunchKit/LaunchKit (= 2.1.4)
  - LaunchKit/LaunchKit (2.1.4)
  - Masonry (1.0.2)

DEPENDENCIES:
  - Appirater
  - LaunchKit
  - Masonry

SPEC CHECKSUMS:
  Appirater: e7c0a47fb67ee5041ce8479e6ba960927fb40264
  LaunchKit: 95ad4fb171a0f8ea1c80aa26d4fb7bd637788f9c
  Masonry: 7c429b56da9d4ee0bbb3ed77a5ea710d6a5df39e

PODFILE CHECKSUM: 97a3695daba17d40e61422bfaa0eb3d485eb6ed1

COCOAPODS: 1.0.1
